
Microsoft Visual Studio Solution File, Format Version 12.00
# Visual Studio 15
VisualStudioVersion = 15.0.28010.2003
MinimumVisualStudioVersion = 10.0.40219.1
Project("{FAE04EC0-301F-11D3-BF4B-00C04F79EFBC}") = "programer", "programer\programer.csproj", "{6A731E3F-20D8-4628-A0A6-67042C6BE273}"
EndProject
Global
	GlobalSection(SolutionConfigurationPlatforms) = preSolution
		Debug|Any CPU = Debug|Any CPU
		Release|Any CPU = Release|Any CPU
	EndGlobalSection
	GlobalSection(ProjectConfigurationPlatforms) = postSolution
		{6A731E3F-20D8-4628-A0A6-67042C6BE273}.Debug|Any CPU.ActiveCfg = Debug|Any CPU
		{6A731E3F-20D8-4628-A0A6-67042C6BE273}.Debug|Any CPU.Build.0 = Debug|Any CPU
		{6A731E3F-20D8-4628-A0A6-67042C6BE273}.Release|Any CPU.ActiveCfg = Release|Any CPU
		{6A731E3F-20D8-4628-A0A6-67042C6BE273}.Release|Any CPU.Build.0 = Release|Any CPU
	EndGlobalSection
	GlobalSection(SolutionProperties) = preSolution
		HideSolutionNode = FALSE
	EndGlobalSection
	GlobalSection(ExtensibilityGlobals) = postSolution
		SolutionGuid = {D5CB84A2-2163-43E2-88ED-ACAD35220AAA}
	EndGlobalSection
EndGlobal
